// !$*UTF8*$!
{
	archiveVersion = 1;
	classes = {
	};
	objectVersion = 77;
	objects = {
		A10000000000000000000005 /* ANEInfo.app */ = {isa = PBXFileReference; explicitFileType = wrapper.application; includeInIndex = 0; path = ANEInfo.app; sourceTree = BUILT_PRODUCTS_DIR; };
		A10000000000000000000004 /* ANEInfo */ = {isa = PBXFileSystemSynchronizedRootGroup; path = ANEInfo; sourceTree = "<group>"; };
		A10000000000000000000008 /* Frameworks */ = {isa = PBXFrameworksBuildPhase; buildActionMask = 2147483647; files = (); runOnlyForDeploymentPostprocessing = 0; };
		A10000000000000000000002 = {isa = PBXGroup; children = (A10000000000000000000004, A10000000000000000000003); sourceTree = "<group>"; };
		A10000000000000000000003 /* Products */ = {isa = PBXGroup; children = (A10000000000000000000005); name = Products; sourceTree = "<group>"; };
		A10000000000000000000006 /* ANEInfo */ = {
			isa = PBXNativeTarget;
			buildConfigurationList = A1000000000000000000000D;
			buildPhases = (A10000000000000000000007, A10000000000000000000008, A10000000000000000000009);
			buildRules = ();
			dependencies = ();
			fileSystemSynchronizedGroups = (A10000000000000000000004);
			name = ANEInfo;
			productName = ANEInfo;
			productReference = A10000000000000000000005;
			productType = "com.apple.product-type.application";
		};
		A10000000000000000000001 /* Project object */ = {
			isa = PBXProject;
			attributes = { BuildIndependentTargetsInParallel = 1; LastSwiftUpdateCheck = 1600; LastUpgradeCheck = 1600; };
			buildConfigurationList = A1000000000000000000000A;
			developmentRegion = en;
			hasScannedForEncodings = 0;
			knownRegions = (en, Base);
			mainGroup = A10000000000000000000002;
			minimizedProjectReferenceProxies = 1;
			preferredProjectObjectVersion = 77;
			productRefGroup = A10000000000000000000003;
			projectDirPath = "";
			projectRoot = "";
			targets = (A10000000000000000000006);
		};
		A10000000000000000000009 /* Resources */ = {isa = PBXResourcesBuildPhase; buildActionMask = 2147483647; files = (); runOnlyForDeploymentPostprocessing = 0; };
		A10000000000000000000007 /* Sources */ = {isa = PBXSourcesBuildPhase; buildActionMask = 2147483647; files = (); runOnlyForDeploymentPostprocessing = 0; };
		A1000000000000000000000B /* Debug */ = {isa = XCBuildConfiguration; buildSettings = { ALWAYS_SEARCH_USER_PATHS = NO; CLANG_ENABLE_MODULES = YES; DEBUG_INFORMATION_FORMAT = dwarf; ENABLE_TESTABILITY = YES; GCC_OPTIMIZATION_LEVEL = 0; IPHONEOS_DEPLOYMENT_TARGET = 18.0; ONLY_ACTIVE_ARCH = YES; SDKROOT = iphoneos; SWIFT_ACTIVE_COMPILATION_CONDITIONS = DEBUG; SWIFT_OPTIMIZATION_LEVEL = "-Onone"; }; name = Debug; };
		A1000000000000000000000C /* Release */ = {isa = XCBuildConfiguration; buildSettings = { ALWAYS_SEARCH_USER_PATHS = NO; CLANG_ENABLE_MODULES = YES; DEBUG_INFORMATION_FORMAT = "dwarf-with-dsym"; IPHONEOS_DEPLOYMENT_TARGET = 18.0; SDKROOT = iphoneos; SWIFT_COMPILATION_MODE = wholemodule; VALIDATE_PRODUCT = YES; }; name = Release; };
		A1000000000000000000000E /* Debug */ = {isa = XCBuildConfiguration; buildSettings = { CODE_SIGN_STYLE = Automatic; CURRENT_PROJECT_VERSION = 1; DEVELOPMENT_TEAM = ""; GENERATE_INFOPLIST_FILE = YES; INFOPLIST_KEY_UILaunchScreen_Generation = YES; MARKETING_VERSION = 1.0; PRODUCT_BUNDLE_IDENTIFIER = "local.aneinfo.q7k3"; PRODUCT_NAME = "$(TARGET_NAME)"; SWIFT_VERSION = 5.0; TARGETED_DEVICE_FAMILY = "1,2"; }; name = Debug; };
		A1000000000000000000000F /* Release */ = {isa = XCBuildConfiguration; buildSettings = { CODE_SIGN_STYLE = Automatic; CURRENT_PROJECT_VERSION = 1; DEVELOPMENT_TEAM = ""; GENERATE_INFOPLIST_FILE = YES; INFOPLIST_KEY_UILaunchScreen_Generation = YES; MARKETING_VERSION = 1.0; PRODUCT_BUNDLE_IDENTIFIER = "local.aneinfo.q7k3"; PRODUCT_NAME = "$(TARGET_NAME)"; SWIFT_VERSION = 5.0; TARGETED_DEVICE_FAMILY = "1,2"; }; name = Release; };
		A1000000000000000000000A = {isa = XCConfigurationList; buildConfigurations = (A1000000000000000000000B, A1000000000000000000000C); defaultConfigurationIsVisible = 0; defaultConfigurationName = Release; };
		A1000000000000000000000D = {isa = XCConfigurationList; buildConfigurations = (A1000000000000000000000E, A1000000000000000000000F); defaultConfigurationIsVisible = 0; defaultConfigurationName = Release; };
	};
	rootObject = A10000000000000000000001;
}
